
Microsoft Visual Studio Solution File, Format Version 12.00
# Visual Studio Version 16
VisualStudioVersion = 16.0.31129.286
MinimumVisualStudioVersion = 10.0.40219.1
Project("{FAE04EC0-301F-11D3-BF4B-00C04F79EFBC}") = "ProductManagerApi", "ProductManagerApi\ProductManagerApi.csproj", "{8D23CE34-D4AB-449A-B51B-602B23527AE8}"
EndProject
Project("{FAE04EC0-301F-11D3-BF4B-00C04F79EFBC}") = "ProductManagerApi.Entities", "ProductManagerApi.Entities\ProductManagerApi.Entities.csproj", "{57C4A0F1-5F5D-493C-ACAA-B8B2ED39605C}"
EndProject
Project("{FAE04EC0-301F-11D3-BF4B-00C04F79EFBC}") = "ProductManagerApi.Contract.Repository", "ProductManagerApi.Contract.Repository\ProductManagerApi.Contract.Repository.csproj", "{8AA40531-AAC3-44E1-8D87-6B19A8E424A2}"
EndProject
Project("{FAE04EC0-301F-11D3-BF4B-00C04F79EFBC}") = "ProductManagerApi.Repository.SQL", "ProductManagerApi.Repository.SQL\ProductManagerApi.Repository.SQL.csproj", "{173E6285-4837-44CF-81D6-9DC75A118480}"
EndProject
Project("{FAE04EC0-301F-11D3-BF4B-00C04F79EFBC}") = "ProductManagerApi.Contract.Services", "ProductManagerApi.Contract.Services\ProductManagerApi.Contract.Services.csproj", "{F6D2FAD7-F86E-41D6-8012-D1A75072907F}"
EndProject
Project("{FAE04EC0-301F-11D3-BF4B-00C04F79EFBC}") = "ProductManagerApi.BL", "ProductManagerApi.BL\ProductManagerApi.BL.csproj", "{862EA614-3392-42E8-8152-596317EED2C6}"
EndProject
Project("{2150E333-8FDC-42A3-9474-1A3956D46DE8}") = "Solution Items", "Solution Items", "{B0AAC18A-2E72-410F-9909-B12669641E35}"
	ProjectSection(SolutionItems) = preProject
		..\..\Users\RPena\Desktop\ProductManager Claro.sql = ..\..\Users\RPena\Desktop\ProductManager Claro.sql
	EndProjectSection
EndProject
Global
	GlobalSection(SolutionConfigurationPlatforms) = preSolution
		Debug|Any CPU = Debug|Any CPU
		Release|Any CPU = Release|Any CPU
	EndGlobalSection
	GlobalSection(ProjectConfigurationPlatforms) = postSolution
		{8D23CE34-D4AB-449A-B51B-602B23527AE8}.Debug|Any CPU.ActiveCfg = Debug|Any CPU
		{8D23CE34-D4AB-449A-B51B-602B23527AE8}.Debug|Any CPU.Build.0 = Debug|Any CPU
		{8D23CE34-D4AB-449A-B51B-602B23527AE8}.Release|Any CPU.ActiveCfg = Release|Any CPU
		{8D23CE34-D4AB-449A-B51B-602B23527AE8}.Release|Any CPU.Build.0 = Release|Any CPU
		{57C4A0F1-5F5D-493C-ACAA-B8B2ED39605C}.Debug|Any CPU.ActiveCfg = Debug|Any CPU
		{57C4A0F1-5F5D-493C-ACAA-B8B2ED39605C}.Debug|Any CPU.Build.0 = Debug|Any CPU
		{57C4A0F1-5F5D-493C-ACAA-B8B2ED39605C}.Release|Any CPU.ActiveCfg = Release|Any CPU
		{57C4A0F1-5F5D-493C-ACAA-B8B2ED39605C}.Release|Any CPU.Build.0 = Release|Any CPU
		{8AA40531-AAC3-44E1-8D87-6B19A8E424A2}.Debug|Any CPU.ActiveCfg = Debug|Any CPU
		{8AA40531-AAC3-44E1-8D87-6B19A8E424A2}.Debug|Any CPU.Build.0 = Debug|Any CPU
		{8AA40531-AAC3-44E1-8D87-6B19A8E424A2}.Release|Any CPU.ActiveCfg = Release|Any CPU
		{8AA40531-AAC3-44E1-8D87-6B19A8E424A2}.Release|Any CPU.Build.0 = Release|Any CPU
		{173E6285-4837-44CF-81D6-9DC75A118480}.Debug|Any CPU.ActiveCfg = Debug|Any CPU
		{173E6285-4837-44CF-81D6-9DC75A118480}.Debug|Any CPU.Build.0 = Debug|Any CPU
		{173E6285-4837-44CF-81D6-9DC75A118480}.Release|Any CPU.ActiveCfg = Release|Any CPU
		{173E6285-4837-44CF-81D6-9DC75A118480}.Release|Any CPU.Build.0 = Release|Any CPU
		{F6D2FAD7-F86E-41D6-8012-D1A75072907F}.Debug|Any CPU.ActiveCfg = Debug|Any CPU
		{F6D2FAD7-F86E-41D6-8012-D1A75072907F}.Debug|Any CPU.Build.0 = Debug|Any CPU
		{F6D2FAD7-F86E-41D6-8012-D1A75072907F}.Release|Any CPU.ActiveCfg = Release|Any CPU
		{F6D2FAD7-F86E-41D6-8012-D1A75072907F}.Release|Any CPU.Build.0 = Release|Any CPU
		{862EA614-3392-42E8-8152-596317EED2C6}.Debug|Any CPU.ActiveCfg = Debug|Any CPU
		{862EA614-3392-42E8-8152-596317EED2C6}.Debug|Any CPU.Build.0 = Debug|Any CPU
		{862EA614-3392-42E8-8152-596317EED2C6}.Release|Any CPU.ActiveCfg = Release|Any CPU
		{862EA614-3392-42E8-8152-596317EED2C6}.Release|Any CPU.Build.0 = Release|Any CPU
	EndGlobalSection
	GlobalSection(SolutionProperties) = preSolution
		HideSolutionNode = FALSE
	EndGlobalSection
	GlobalSection(ExtensibilityGlobals) = postSolution
		SolutionGuid = {50D605AB-2898-4CF4-A962-27F4F6946369}
	EndGlobalSection
EndGlobal
